
Microsoft Visual Studio Solution File, Format Version 12.00
# Visual Studio Version 17
VisualStudioVersion = 17.7.34031.279
MinimumVisualStudioVersion = 10.0.40219.1
Project("{FAE04EC0-301F-11D3-BF4B-00C04F79EFBC}") = "decorator", "decorator.csproj", "{9B9D2A78-820E-475D-8060-3029EA4BC37E}"
EndProject
Project("{FAE04EC0-301F-11D3-BF4B-00C04F79EFBC}") = "Before", "..\Before\Before.csproj", "{2BD69680-DD78-4DB0-9097-6EB11F768D46}"
EndProject
Global
	GlobalSection(SolutionConfigurationPlatforms) = preSolution
		Debug|Any CPU = Debug|Any CPU
		Release|Any CPU = Release|Any CPU
	EndGlobalSection
	GlobalSection(ProjectConfigurationPlatforms) = postSolution
		{9B9D2A78-820E-475D-8060-3029EA4BC37E}.Debug|Any CPU.ActiveCfg = Debug|Any CPU
		{9B9D2A78-820E-475D-8060-3029EA4BC37E}.Debug|Any CPU.Build.0 = Debug|Any CPU
		{9B9D2A78-820E-475D-8060-3029EA4BC37E}.Release|Any CPU.ActiveCfg = Release|Any CPU
		{9B9D2A78-820E-475D-8060-3029EA4BC37E}.Release|Any CPU.Build.0 = Release|Any CPU
		{2BD69680-DD78-4DB0-9097-6EB11F768D46}.Debug|Any CPU.ActiveCfg = Debug|Any CPU
		{2BD69680-DD78-4DB0-9097-6EB11F768D46}.Debug|Any CPU.Build.0 = Debug|Any CPU
		{2BD69680-DD78-4DB0-9097-6EB11F768D46}.Release|Any CPU.ActiveCfg = Release|Any CPU
		{2BD69680-DD78-4DB0-9097-6EB11F768D46}.Release|Any CPU.Build.0 = Release|Any CPU
	EndGlobalSection
	GlobalSection(SolutionProperties) = preSolution
		HideSolutionNode = FALSE
	EndGlobalSection
	GlobalSection(ExtensibilityGlobals) = postSolution
		SolutionGuid = {5EA199F8-3481-40C8-8601-4F1E31228088}
	EndGlobalSection
EndGlobal
