
Microsoft Visual Studio Solution File, Format Version 12.00
# Visual Studio Version 17
VisualStudioVersion = 17.7.34031.279
MinimumVisualStudioVersion = 10.0.40219.1
Project("{9A19103F-16F7-4668-BE54-9A1E7A4F7556}") = "strategy", "strategy.csproj", "{45757D23-3079-4535-963C-B770A14AA7E6}"
EndProject
Project("{FAE04EC0-301F-11D3-BF4B-00C04F79EFBC}") = "Bwefore", "..\Bwefore\Bwefore.csproj", "{82E1BBBE-C9B2-4135-91DB-E7130B437D64}"
EndProject
Project("{FAE04EC0-301F-11D3-BF4B-00C04F79EFBC}") = "After", "..\After\After.csproj", "{5B80A30C-9415-44F1-9967-6AD4C3EC1692}"
EndProject
Global
	GlobalSection(SolutionConfigurationPlatforms) = preSolution
		Debug|Any CPU = Debug|Any CPU
		Release|Any CPU = Release|Any CPU
	EndGlobalSection
	GlobalSection(ProjectConfigurationPlatforms) = postSolution
		{45757D23-3079-4535-963C-B770A14AA7E6}.Debug|Any CPU.ActiveCfg = Debug|Any CPU
		{45757D23-3079-4535-963C-B770A14AA7E6}.Debug|Any CPU.Build.0 = Debug|Any CPU
		{45757D23-3079-4535-963C-B770A14AA7E6}.Release|Any CPU.ActiveCfg = Release|Any CPU
		{45757D23-3079-4535-963C-B770A14AA7E6}.Release|Any CPU.Build.0 = Release|Any CPU
		{82E1BBBE-C9B2-4135-91DB-E7130B437D64}.Debug|Any CPU.ActiveCfg = Debug|Any CPU
		{82E1BBBE-C9B2-4135-91DB-E7130B437D64}.Debug|Any CPU.Build.0 = Debug|Any CPU
		{82E1BBBE-C9B2-4135-91DB-E7130B437D64}.Release|Any CPU.ActiveCfg = Release|Any CPU
		{82E1BBBE-C9B2-4135-91DB-E7130B437D64}.Release|Any CPU.Build.0 = Release|Any CPU
		{5B80A30C-9415-44F1-9967-6AD4C3EC1692}.Debug|Any CPU.ActiveCfg = Debug|Any CPU
		{5B80A30C-9415-44F1-9967-6AD4C3EC1692}.Debug|Any CPU.Build.0 = Debug|Any CPU
		{5B80A30C-9415-44F1-9967-6AD4C3EC1692}.Release|Any CPU.ActiveCfg = Release|Any CPU
		{5B80A30C-9415-44F1-9967-6AD4C3EC1692}.Release|Any CPU.Build.0 = Release|Any CPU
	EndGlobalSection
	GlobalSection(SolutionProperties) = preSolution
		HideSolutionNode = FALSE
	EndGlobalSection
	GlobalSection(ExtensibilityGlobals) = postSolution
		SolutionGuid = {B0C1EC1D-CD64-4017-B2FF-C7A9AEF64263}
	EndGlobalSection
EndGlobal
