
Microsoft Visual Studio Solution File, Format Version 12.00
# Visual Studio Version 17
VisualStudioVersion = 17.7.34031.279
MinimumVisualStudioVersion = 10.0.40219.1
Project("{FAE04EC0-301F-11D3-BF4B-00C04F79EFBC}") = "Interpretere", "Interpretere.csproj", "{4D73CDEC-6B08-401E-9B94-7A5B048D6D53}"
EndProject
Global
	GlobalSection(SolutionConfigurationPlatforms) = preSolution
		Debug|Any CPU = Debug|Any CPU
		Release|Any CPU = Release|Any CPU
	EndGlobalSection
	GlobalSection(ProjectConfigurationPlatforms) = postSolution
		{4D73CDEC-6B08-401E-9B94-7A5B048D6D53}.Debug|Any CPU.ActiveCfg = Debug|Any CPU
		{4D73CDEC-6B08-401E-9B94-7A5B048D6D53}.Debug|Any CPU.Build.0 = Debug|Any CPU
		{4D73CDEC-6B08-401E-9B94-7A5B048D6D53}.Release|Any CPU.ActiveCfg = Release|Any CPU
		{4D73CDEC-6B08-401E-9B94-7A5B048D6D53}.Release|Any CPU.Build.0 = Release|Any CPU
	EndGlobalSection
	GlobalSection(SolutionProperties) = preSolution
		HideSolutionNode = FALSE
	EndGlobalSection
	GlobalSection(ExtensibilityGlobals) = postSolution
		SolutionGuid = {0CC31C60-F8AC-431C-8CB6-AF3DD8E86B93}
	EndGlobalSection
EndGlobal
