
Microsoft Visual Studio Solution File, Format Version 12.00
# Visual Studio Version 17
VisualStudioVersion = 17.7.34031.279
MinimumVisualStudioVersion = 10.0.40219.1
Project("{FAE04EC0-301F-11D3-BF4B-00C04F79EFBC}") = "chainOfResponsibilty", "chainOfResponsibilty.csproj", "{68FBDA13-A7D1-4415-968A-F882BCC8CAC2}"
EndProject
Global
	GlobalSection(SolutionConfigurationPlatforms) = preSolution
		Debug|Any CPU = Debug|Any CPU
		Release|Any CPU = Release|Any CPU
	EndGlobalSection
	GlobalSection(ProjectConfigurationPlatforms) = postSolution
		{68FBDA13-A7D1-4415-968A-F882BCC8CAC2}.Debug|Any CPU.ActiveCfg = Debug|Any CPU
		{68FBDA13-A7D1-4415-968A-F882BCC8CAC2}.Debug|Any CPU.Build.0 = Debug|Any CPU
		{68FBDA13-A7D1-4415-968A-F882BCC8CAC2}.Release|Any CPU.ActiveCfg = Release|Any CPU
		{68FBDA13-A7D1-4415-968A-F882BCC8CAC2}.Release|Any CPU.Build.0 = Release|Any CPU
	EndGlobalSection
	GlobalSection(SolutionProperties) = preSolution
		HideSolutionNode = FALSE
	EndGlobalSection
	GlobalSection(ExtensibilityGlobals) = postSolution
		SolutionGuid = {1698DFD7-E334-4202-8F95-AA1755F2F63A}
	EndGlobalSection
EndGlobal
