
Microsoft Visual Studio Solution File, Format Version 12.00
# Visual Studio Version 17
VisualStudioVersion = 17.7.34031.279
MinimumVisualStudioVersion = 10.0.40219.1
Project("{FAE04EC0-301F-11D3-BF4B-00C04F79EFBC}") = "builder", "builder.csproj", "{743D4A51-D31D-44DF-BAFF-4B42EC55CCC7}"
EndProject
Global
	GlobalSection(SolutionConfigurationPlatforms) = preSolution
		Debug|Any CPU = Debug|Any CPU
		Release|Any CPU = Release|Any CPU
	EndGlobalSection
	GlobalSection(ProjectConfigurationPlatforms) = postSolution
		{743D4A51-D31D-44DF-BAFF-4B42EC55CCC7}.Debug|Any CPU.ActiveCfg = Debug|Any CPU
		{743D4A51-D31D-44DF-BAFF-4B42EC55CCC7}.Debug|Any CPU.Build.0 = Debug|Any CPU
		{743D4A51-D31D-44DF-BAFF-4B42EC55CCC7}.Release|Any CPU.ActiveCfg = Release|Any CPU
		{743D4A51-D31D-44DF-BAFF-4B42EC55CCC7}.Release|Any CPU.Build.0 = Release|Any CPU
	EndGlobalSection
	GlobalSection(SolutionProperties) = preSolution
		HideSolutionNode = FALSE
	EndGlobalSection
	GlobalSection(ExtensibilityGlobals) = postSolution
		SolutionGuid = {BE8B4983-BC08-42A0-BB35-B2500FF94305}
	EndGlobalSection
EndGlobal
